// !$*UTF8*$!
{
	archiveVersion = 1;
	classes = {
	};
	objectVersion = 52;
	objects = {

/* Begin PBXBuildFile section */
		1273D103269377CC003F2E68 /* AppDelegate.swift in Sources */ = {isa = PBXBuildFile; fileRef = 1273D102269377CC003F2E68 /* AppDelegate.swift */; };
		1273D105269377CC003F2E68 /* SceneDelegate.swift in Sources */ = {isa = PBXBuildFile; fileRef = 1273D104269377CC003F2E68 /* SceneDelegate.swift */; };
		1273D10A269377CC003F2E68 /* Main.storyboard in Resources */ = {isa = PBXBuildFile; fileRef = 1273D108269377CC003F2E68 /* Main.storyboard */; };
		1273D10C269377CE003F2E68 /* Assets.xcassets in Resources */ = {isa = PBXBuildFile; fileRef = 1273D10B269377CE003F2E68 /* Assets.xcassets */; };
		1273D10F269377CE003F2E68 /* LaunchScreen.storyboard in Resources */ = {isa = PBXBuildFile; fileRef = 1273D10D269377CE003F2E68 /* LaunchScreen.storyboard */; };
		1273D15D26977D1C003F2E68 /* AuthViewController.swift in Sources */ = {isa = PBXBuildFile; fileRef = 1273D15C26977D1C003F2E68 /* AuthViewController.swift */; };
		1273D16F269CB4C3003F2E68 /* UserViewController.swift in Sources */ = {isa = PBXBuildFile; fileRef = 1273D16E269CB4C3003F2E68 /* UserViewController.swift */; };
		1273D172269CB5E3003F2E68 /* Session.swift in Sources */ = {isa = PBXBuildFile; fileRef = 1273D171269CB5E3003F2E68 /* Session.swift */; };
		1273D174269CB611003F2E68 /* UserAPI.swift in Sources */ = {isa = PBXBuildFile; fileRef = 1273D173269CB611003F2E68 /* UserAPI.swift */; };
		1273D177269CB9C6003F2E68 /* Data+PrettyJSON.swift in Sources */ = {isa = PBXBuildFile; fileRef = 1273D176269CB9C6003F2E68 /* Data+PrettyJSON.swift */; };
		1273D17A269CBD36003F2E68 /* User.swift in Sources */ = {isa = PBXBuildFile; fileRef = 1273D179269CBD36003F2E68 /* User.swift */; };
		82040CF626B7394400AEBAE5 /* UserFB.swift in Sources */ = {isa = PBXBuildFile; fileRef = 82040CF526B7394400AEBAE5 /* UserFB.swift */; };
		82075BA126D58CD6004710C7 /* FeedItemFooter.swift in Sources */ = {isa = PBXBuildFile; fileRef = 82075B9A26D58CD5004710C7 /* FeedItemFooter.swift */; };
		82075BA226D58CD6004710C7 /* FeedTableViewController.swift in Sources */ = {isa = PBXBuildFile; fileRef = 82075B9B26D58CD5004710C7 /* FeedTableViewController.swift */; };
		82075BA326D58CD6004710C7 /* FeedItemPhotoTableViewCell.swift in Sources */ = {isa = PBXBuildFile; fileRef = 82075B9C26D58CD5004710C7 /* FeedItemPhotoTableViewCell.swift */; };
		82075BA426D58CD6004710C7 /* Feed.swift in Sources */ = {isa = PBXBuildFile; fileRef = 82075B9D26D58CD5004710C7 /* Feed.swift */; };
		82075BA526D58CD6004710C7 /* FeedItemInfoTableViewCell.swift in Sources */ = {isa = PBXBuildFile; fileRef = 82075B9E26D58CD5004710C7 /* FeedItemInfoTableViewCell.swift */; };
		82075BA626D58CD6004710C7 /* FeedAPI.swift in Sources */ = {isa = PBXBuildFile; fileRef = 82075B9F26D58CD5004710C7 /* FeedAPI.swift */; };
		82075BA726D58CD6004710C7 /* FeedItemTextTableViewCell.swift in Sources */ = {isa = PBXBuildFile; fileRef = 82075BA026D58CD6004710C7 /* FeedItemTextTableViewCell.swift */; };
		82246FAC26D446CC001ACEA0 /* File.swift in Sources */ = {isa = PBXBuildFile; fileRef = 82246FAB26D446CC001ACEA0 /* File.swift */; };
		82246FB926D45F48001ACEA0 /* GroupTableViewCellNoDesc.swift in Sources */ = {isa = PBXBuildFile; fileRef = 82246FB826D45F48001ACEA0 /* GroupTableViewCellNoDesc.swift */; };
		82246FBB26D45F50001ACEA0 /* GroupTableViewCell.swift in Sources */ = {isa = PBXBuildFile; fileRef = 82246FBA26D45F50001ACEA0 /* GroupTableViewCell.swift */; };
		82246FBD26D45F60001ACEA0 /* FriendsTableViewCell.swift in Sources */ = {isa = PBXBuildFile; fileRef = 82246FBC26D45F60001ACEA0 /* FriendsTableViewCell.swift */; };
		822CAB0B26D4691700C30BB2 /* SwiftyJSON in Frameworks */ = {isa = PBXBuildFile; productRef = 822CAB0A26D4691700C30BB2 /* SwiftyJSON */; };
		823BB77A26B4D173009EDD8E /* Gradient.swift in Sources */ = {isa = PBXBuildFile; fileRef = 823BB77926B4D173009EDD8E /* Gradient.swift */; };
		823BB77C26B4D448009EDD8E /* FriendsFB.swift in Sources */ = {isa = PBXBuildFile; fileRef = 823BB77B26B4D448009EDD8E /* FriendsFB.swift */; };
		823BB77E26B4D456009EDD8E /* GroupsFB.swift in Sources */ = {isa = PBXBuildFile; fileRef = 823BB77D26B4D456009EDD8E /* GroupsFB.swift */; };
		8258BB6926C5DC420080AFF9 /* spring.mp3 in Resources */ = {isa = PBXBuildFile; fileRef = 8258BB6826C5DC420080AFF9 /* spring.mp3 */; };
		8258BB6B26C5DE5B0080AFF9 /* spring2.mp3 in Resources */ = {isa = PBXBuildFile; fileRef = 8258BB6A26C5DE5B0080AFF9 /* spring2.mp3 */; };
		8258BB6D26C5E1F10080AFF9 /* shrek.mp3 in Resources */ = {isa = PBXBuildFile; fileRef = 8258BB6C26C5E1F10080AFF9 /* shrek.mp3 */; };
		828BD71126C1CC1C00953CBD /* hz.gif in Resources */ = {isa = PBXBuildFile; fileRef = 828BD71026C1CC1C00953CBD /* hz.gif */; };
		828D504E26A648E900408176 /* FriendsTableViewController.swift in Sources */ = {isa = PBXBuildFile; fileRef = 828D504D26A648E900408176 /* FriendsTableViewController.swift */; };
		828D505026A6560B00408176 /* GroupsTableViewController.swift in Sources */ = {isa = PBXBuildFile; fileRef = 828D504F26A6560B00408176 /* GroupsTableViewController.swift */; };
		829A90F8269F4FA5000EC8CA /* Friends.swift in Sources */ = {isa = PBXBuildFile; fileRef = 829A90F7269F4FA5000EC8CA /* Friends.swift */; };
		829A90FA269F50AD000EC8CA /* Group.swift in Sources */ = {isa = PBXBuildFile; fileRef = 829A90F9269F50AD000EC8CA /* Group.swift */; };
		829A90FD269F5594000EC8CA /* FriendsApi.swift in Sources */ = {isa = PBXBuildFile; fileRef = 829A90FC269F5594000EC8CA /* FriendsApi.swift */; };
		829A90FF269F5C08000EC8CA /* GroupAPI.swift in Sources */ = {isa = PBXBuildFile; fileRef = 829A90FE269F5C08000EC8CA /* GroupAPI.swift */; };
		82B316C326B61C740039A274 /* GoogleService-Info.plist in Resources */ = {isa = PBXBuildFile; fileRef = 82B316C226B61C740039A274 /* GoogleService-Info.plist */; };
		82E4018726AB9AF70079B3F7 /* ProfileDB.swift in Sources */ = {isa = PBXBuildFile; fileRef = 82E4018626AB9AF70079B3F7 /* ProfileDB.swift */; };
		82E4018926AB9B350079B3F7 /* FriendsDB.swift in Sources */ = {isa = PBXBuildFile; fileRef = 82E4018826AB9B350079B3F7 /* FriendsDB.swift */; };
		82E4018C26AB9B960079B3F7 /* GroupsDB.swift in Sources */ = {isa = PBXBuildFile; fileRef = 82E4018B26AB9B960079B3F7 /* GroupsDB.swift */; };
		82E57ACE26C02B4E00DA85A5 /* RoundedImageView.swift in Sources */ = {isa = PBXBuildFile; fileRef = 82E57ACD26C02B4E00DA85A5 /* RoundedImageView.swift */; };
		82ED1E4E26A0D0E500E579E6 /* MenuViewController.swift in Sources */ = {isa = PBXBuildFile; fileRef = 82ED1E4D26A0D0E500E579E6 /* MenuViewController.swift */; };
		82F4AFCF26B9C5F6007CBCCE /* Gif.swift in Sources */ = {isa = PBXBuildFile; fileRef = 82F4AFCE26B9C5F6007CBCCE /* Gif.swift */; };
		F320027BE1AF76140BB156D5 /* Pods_client_server_1347.framework in Frameworks */ = {isa = PBXBuildFile; fileRef = FD2481B53F2E8E26E70DF966 /* Pods_client_server_1347.framework */; };
/* End PBXBuildFile section */

/* Begin PBXFileReference section */
		1273D0FF269377CC003F2E68 /* client-server-1347.app */ = {isa = PBXFileReference; explicitFileType = wrapper.application; includeInIndex = 0; path = "client-server-1347.app"; sourceTree = BUILT_PRODUCTS_DIR; };
		1273D102269377CC003F2E68 /* AppDelegate.swift */ = {isa = PBXFileReference; lastKnownFileType = sourcecode.swift; path = AppDelegate.swift; sourceTree = "<group>"; };
		1273D104269377CC003F2E68 /* SceneDelegate.swift */ = {isa = PBXFileReference; lastKnownFileType = sourcecode.swift; path = SceneDelegate.swift; sourceTree = "<group>"; };
		1273D109269377CC003F2E68 /* Base */ = {isa = PBXFileReference; lastKnownFileType = file.storyboard; name = Base; path = Base.lproj/Main.storyboard; sourceTree = "<group>"; };
		1273D10B269377CE003F2E68 /* Assets.xcassets */ = {isa = PBXFileReference; lastKnownFileType = folder.assetcatalog; path = Assets.xcassets; sourceTree = "<group>"; };
		1273D10E269377CE003F2E68 /* Base */ = {isa = PBXFileReference; lastKnownFileType = file.storyboard; name = Base; path = Base.lproj/LaunchScreen.storyboard; sourceTree = "<group>"; };
		1273D110269377CE003F2E68 /* Info.plist */ = {isa = PBXFileReference; lastKnownFileType = text.plist.xml; path = Info.plist; sourceTree = "<group>"; };
		1273D15C26977D1C003F2E68 /* AuthViewController.swift */ = {isa = PBXFileReference; lastKnownFileType = sourcecode.swift; path = AuthViewController.swift; sourceTree = "<group>"; };
		1273D16E269CB4C3003F2E68 /* UserViewController.swift */ = {isa = PBXFileReference; lastKnownFileType = sourcecode.swift; path = UserViewController.swift; sourceTree = "<group>"; };
		1273D171269CB5E3003F2E68 /* Session.swift */ = {isa = PBXFileReference; lastKnownFileType = sourcecode.swift; path = Session.swift; sourceTree = "<group>"; };
		1273D173269CB611003F2E68 /* UserAPI.swift */ = {isa = PBXFileReference; lastKnownFileType = sourcecode.swift; path = UserAPI.swift; sourceTree = "<group>"; };
		1273D176269CB9C6003F2E68 /* Data+PrettyJSON.swift */ = {isa = PBXFileReference; lastKnownFileType = sourcecode.swift; path = "Data+PrettyJSON.swift"; sourceTree = "<group>"; };
		1273D179269CBD36003F2E68 /* User.swift */ = {isa = PBXFileReference; lastKnownFileType = sourcecode.swift; path = User.swift; sourceTree = "<group>"; };
		82040CF526B7394400AEBAE5 /* UserFB.swift */ = {isa = PBXFileReference; lastKnownFileType = sourcecode.swift; path = UserFB.swift; sourceTree = "<group>"; };
		82075B9A26D58CD5004710C7 /* FeedItemFooter.swift */ = {isa = PBXFileReference; fileEncoding = 4; lastKnownFileType = sourcecode.swift; name = FeedItemFooter.swift; path = "../../../../ys-client-server-1347-homework-11-3- 2/ys-client-server-1347/homework/Controllers/Feed/FeedItemFooter.swift"; sourceTree = "<group>"; };
		82075B9B26D58CD5004710C7 /* FeedTableViewController.swift */ = {isa = PBXFileReference; fileEncoding = 4; lastKnownFileType = sourcecode.swift; name = FeedTableViewController.swift; path = "../../../../ys-client-server-1347-homework-11-3- 2/ys-client-server-1347/homework/Controllers/Feed/FeedTableViewController.swift"; sourceTree = "<group>"; };
		82075B9C26D58CD5004710C7 /* FeedItemPhotoTableViewCell.swift */ = {isa = PBXFileReference; fileEncoding = 4; lastKnownFileType = sourcecode.swift; name = FeedItemPhotoTableViewCell.swift; path = "../../../../ys-client-server-1347-homework-11-3- 2/ys-client-server-1347/homework/Controllers/Feed/FeedItemPhotoTableViewCell.swift"; sourceTree = "<group>"; };
		82075B9D26D58CD5004710C7 /* Feed.swift */ = {isa = PBXFileReference; fileEncoding = 4; lastKnownFileType = sourcecode.swift; name = Feed.swift; path = "../../../../ys-client-server-1347-homework-11-3- 2/ys-client-server-1347/homework/Models/Feed.swift"; sourceTree = "<group>"; };
		82075B9E26D58CD5004710C7 /* FeedItemInfoTableViewCell.swift */ = {isa = PBXFileReference; fileEncoding = 4; lastKnownFileType = sourcecode.swift; name = FeedItemInfoTableViewCell.swift; path = "../../../../ys-client-server-1347-homework-11-3- 2/ys-client-server-1347/homework/Controllers/Feed/FeedItemInfoTableViewCell.swift"; sourceTree = "<group>"; };
		82075B9F26D58CD5004710C7 /* FeedAPI.swift */ = {isa = PBXFileReference; fileEncoding = 4; lastKnownFileType = sourcecode.swift; name = FeedAPI.swift; path = "../../../../ys-client-server-1347-homework-11-3- 2/ys-client-server-1347/homework/Services/API/FeedAPI.swift"; sourceTree = "<group>"; };
		82075BA026D58CD6004710C7 /* FeedItemTextTableViewCell.swift */ = {isa = PBXFileReference; fileEncoding = 4; lastKnownFileType = sourcecode.swift; name = FeedItemTextTableViewCell.swift; path = "../../../../ys-client-server-1347-homework-11-3- 2/ys-client-server-1347/homework/Controllers/Feed/FeedItemTextTableViewCell.swift"; sourceTree = "<group>"; };
		82246FAB26D446CC001ACEA0 /* File.swift */ = {isa = PBXFileReference; lastKnownFileType = sourcecode.swift; path = File.swift; sourceTree = "<group>"; };
		82246FB826D45F48001ACEA0 /* GroupTableViewCellNoDesc.swift */ = {isa = PBXFileReference; fileEncoding = 4; lastKnownFileType = sourcecode.swift; path = GroupTableViewCellNoDesc.swift; sourceTree = "<group>"; };
		82246FBA26D45F50001ACEA0 /* GroupTableViewCell.swift */ = {isa = PBXFileReference; fileEncoding = 4; lastKnownFileType = sourcecode.swift; path = GroupTableViewCell.swift; sourceTree = "<group>"; };
		82246FBC26D45F60001ACEA0 /* FriendsTableViewCell.swift */ = {isa = PBXFileReference; fileEncoding = 4; lastKnownFileType = sourcecode.swift; path = FriendsTableViewCell.swift; sourceTree = "<group>"; };
		823BB77926B4D173009EDD8E /* Gradient.swift */ = {isa = PBXFileReference; lastKnownFileType = sourcecode.swift; path = Gradient.swift; sourceTree = "<group>"; };
		823BB77B26B4D448009EDD8E /* FriendsFB.swift */ = {isa = PBXFileReference; lastKnownFileType = sourcecode.swift; path = FriendsFB.swift; sourceTree = "<group>"; };
		823BB77D26B4D456009EDD8E /* GroupsFB.swift */ = {isa = PBXFileReference; lastKnownFileType = sourcecode.swift; path = GroupsFB.swift; sourceTree = "<group>"; };
		8258BB6826C5DC420080AFF9 /* spring.mp3 */ = {isa = PBXFileReference; lastKnownFileType = audio.mp3; path = spring.mp3; sourceTree = "<group>"; };
		8258BB6A26C5DE5B0080AFF9 /* spring2.mp3 */ = {isa = PBXFileReference; lastKnownFileType = audio.mp3; path = spring2.mp3; sourceTree = "<group>"; };
		8258BB6C26C5E1F10080AFF9 /* shrek.mp3 */ = {isa = PBXFileReference; lastKnownFileType = audio.mp3; path = shrek.mp3; sourceTree = "<group>"; };
		828BD71026C1CC1C00953CBD /* hz.gif */ = {isa = PBXFileReference; lastKnownFileType = image.gif; path = hz.gif; sourceTree = "<group>"; };
		828D504D26A648E900408176 /* FriendsTableViewController.swift */ = {isa = PBXFileReference; lastKnownFileType = sourcecode.swift; path = FriendsTableViewController.swift; sourceTree = "<group>"; };
		828D504F26A6560B00408176 /* GroupsTableViewController.swift */ = {isa = PBXFileReference; lastKnownFileType = sourcecode.swift; path = GroupsTableViewController.swift; sourceTree = "<group>"; };
		829A90F7269F4FA5000EC8CA /* Friends.swift */ = {isa = PBXFileReference; lastKnownFileType = sourcecode.swift; path = Friends.swift; sourceTree = "<group>"; };
		829A90F9269F50AD000EC8CA /* Group.swift */ = {isa = PBXFileReference; lastKnownFileType = sourcecode.swift; path = Group.swift; sourceTree = "<group>"; };
		829A90FC269F5594000EC8CA /* FriendsApi.swift */ = {isa = PBXFileReference; lastKnownFileType = sourcecode.swift; path = FriendsApi.swift; sourceTree = "<group>"; };
		829A90FE269F5C08000EC8CA /* GroupAPI.swift */ = {isa = PBXFileReference; lastKnownFileType = sourcecode.swift; path = GroupAPI.swift; sourceTree = "<group>"; };
		82B316C226B61C740039A274 /* GoogleService-Info.plist */ = {isa = PBXFileReference; fileEncoding = 4; lastKnownFileType = text.plist.xml; path = "GoogleService-Info.plist"; sourceTree = "<group>"; };
		82E4018626AB9AF70079B3F7 /* ProfileDB.swift */ = {isa = PBXFileReference; lastKnownFileType = sourcecode.swift; path = ProfileDB.swift; sourceTree = "<group>"; };
		82E4018826AB9B350079B3F7 /* FriendsDB.swift */ = {isa = PBXFileReference; lastKnownFileType = sourcecode.swift; path = FriendsDB.swift; sourceTree = "<group>"; };
		82E4018B26AB9B960079B3F7 /* GroupsDB.swift */ = {isa = PBXFileReference; lastKnownFileType = sourcecode.swift; path = GroupsDB.swift; sourceTree = "<group>"; };
		82E57ACD26C02B4E00DA85A5 /* RoundedImageView.swift */ = {isa = PBXFileReference; fileEncoding = 4; lastKnownFileType = sourcecode.swift; path = RoundedImageView.swift; sourceTree = "<group>"; };
		82ED1E4D26A0D0E500E579E6 /* MenuViewController.swift */ = {isa = PBXFileReference; lastKnownFileType = sourcecode.swift; path = MenuViewController.swift; sourceTree = "<group>"; };
		82F4AFCE26B9C5F6007CBCCE /* Gif.swift */ = {isa = PBXFileReference; lastKnownFileType = sourcecode.swift; path = Gif.swift; sourceTree = "<group>"; };
		955BEA970DE9C203FB9F929A /* Pods-client-server-1347.debug.xcconfig */ = {isa = PBXFileReference; includeInIndex = 1; lastKnownFileType = text.xcconfig; name = "Pods-client-server-1347.debug.xcconfig"; path = "Target Support Files/Pods-client-server-1347/Pods-client-server-1347.debug.xcconfig"; sourceTree = "<group>"; };
		A7E5B97E0CA544DBB179DA29 /* Pods-client-server-1347.release.xcconfig */ = {isa = PBXFileReference; includeInIndex = 1; lastKnownFileType = text.xcconfig; name = "Pods-client-server-1347.release.xcconfig"; path = "Target Support Files/Pods-client-server-1347/Pods-client-server-1347.release.xcconfig"; sourceTree = "<group>"; };
		FD2481B53F2E8E26E70DF966 /* Pods_client_server_1347.framework */ = {isa = PBXFileReference; explicitFileType = wrapper.framework; includeInIndex = 0; path = Pods_client_server_1347.framework; sourceTree = BUILT_PRODUCTS_DIR; };
/* End PBXFileReference section */

/* Begin PBXFrameworksBuildPhase section */
		1273D0FC269377CC003F2E68 /* Frameworks */ = {
			isa = PBXFrameworksBuildPhase;
			buildActionMask = 2147483647;
			files = (
				822CAB0B26D4691700C30BB2 /* SwiftyJSON in Frameworks */,
				F320027BE1AF76140BB156D5 /* Pods_client_server_1347.framework in Frameworks */,
			);
			runOnlyForDeploymentPostprocessing = 0;
		};
/* End PBXFrameworksBuildPhase section */

/* Begin PBXGroup section */
		00F899E238D8E03AB94A30B1 /* Frameworks */ = {
			isa = PBXGroup;
			children = (
				FD2481B53F2E8E26E70DF966 /* Pods_client_server_1347.framework */,
			);
			name = Frameworks;
			sourceTree = "<group>";
		};
		1273D0F6269377CC003F2E68 = {
			isa = PBXGroup;
			children = (
				82246FB726D45F39001ACEA0 /* Cells */,
				82246FAA26D446AF001ACEA0 /* Operations */,
				8258BB6C26C5E1F10080AFF9 /* shrek.mp3 */,
				8258BB6A26C5DE5B0080AFF9 /* spring2.mp3 */,
				8258BB6826C5DC420080AFF9 /* spring.mp3 */,
				828BD71026C1CC1C00953CBD /* hz.gif */,
				82E57ACD26C02B4E00DA85A5 /* RoundedImageView.swift */,
				82F4AFCE26B9C5F6007CBCCE /* Gif.swift */,
				823BB77826B4D15F009EDD8E /* Design */,
				823BB77526B4C685009EDD8E /* FB */,
				82E4018526AB9ADA0079B3F7 /* DB */,
				82E9722D26A89F7A0009F024 /* News */,
				1273D101269377CC003F2E68 /* client-server-1347 */,
				1273D100269377CC003F2E68 /* Products */,
				3AED7FCABD768D45107A55F8 /* Pods */,
				00F899E238D8E03AB94A30B1 /* Frameworks */,
			);
			sourceTree = "<group>";
		};
		1273D100269377CC003F2E68 /* Products */ = {
			isa = PBXGroup;
			children = (
				1273D0FF269377CC003F2E68 /* client-server-1347.app */,
			);
			name = Products;
			sourceTree = "<group>";
		};
		1273D101269377CC003F2E68 /* client-server-1347 */ = {
			isa = PBXGroup;
			children = (
				1273D102269377CC003F2E68 /* AppDelegate.swift */,
				1273D104269377CC003F2E68 /* SceneDelegate.swift */,
				1273D15B26977C31003F2E68 /* vk-api */,
				1273D11626937A9C003F2E68 /* Resources */,
			);
			path = "client-server-1347";
			sourceTree = "<group>";
		};
		1273D11626937A9C003F2E68 /* Resources */ = {
			isa = PBXGroup;
			children = (
				1273D108269377CC003F2E68 /* Main.storyboard */,
				1273D10B269377CE003F2E68 /* Assets.xcassets */,
				1273D10D269377CE003F2E68 /* LaunchScreen.storyboard */,
				1273D110269377CE003F2E68 /* Info.plist */,
				82B316C226B61C740039A274 /* GoogleService-Info.plist */,
			);
			path = Resources;
			sourceTree = "<group>";
		};
		1273D15B26977C31003F2E68 /* vk-api */ = {
			isa = PBXGroup;
			children = (
				1273D175269CB9A5003F2E68 /* Extension */,
				1273D170269CB5CB003F2E68 /* Service */,
				829A9100269F5EC1000EC8CA /* Controllers */,
			);
			path = "vk-api";
			sourceTree = "<group>";
		};
		1273D170269CB5CB003F2E68 /* Service */ = {
			isa = PBXGroup;
			children = (
				1273D178269CBD20003F2E68 /* Models */,
				82FBCD53269F60A100F61BF4 /* Session */,
				829A90FB269F5243000EC8CA /* API */,
			);
			path = Service;
			sourceTree = "<group>";
		};
		1273D175269CB9A5003F2E68 /* Extension */ = {
			isa = PBXGroup;
			children = (
				1273D176269CB9C6003F2E68 /* Data+PrettyJSON.swift */,
			);
			path = Extension;
			sourceTree = "<group>";
		};
		1273D178269CBD20003F2E68 /* Models */ = {
			isa = PBXGroup;
			children = (
				1273D179269CBD36003F2E68 /* User.swift */,
				829A90F7269F4FA5000EC8CA /* Friends.swift */,
				829A90F9269F50AD000EC8CA /* Group.swift */,
			);
			path = Models;
			sourceTree = "<group>";
		};
		3AED7FCABD768D45107A55F8 /* Pods */ = {
			isa = PBXGroup;
			children = (
				955BEA970DE9C203FB9F929A /* Pods-client-server-1347.debug.xcconfig */,
				A7E5B97E0CA544DBB179DA29 /* Pods-client-server-1347.release.xcconfig */,
			);
			path = Pods;
			sourceTree = "<group>";
		};
		82246FAA26D446AF001ACEA0 /* Operations */ = {
			isa = PBXGroup;
			children = (
				82246FAB26D446CC001ACEA0 /* File.swift */,
			);
			path = Operations;
			sourceTree = "<group>";
		};
		82246FB726D45F39001ACEA0 /* Cells */ = {
			isa = PBXGroup;
			children = (
				82246FB826D45F48001ACEA0 /* GroupTableViewCellNoDesc.swift */,
				82246FBA26D45F50001ACEA0 /* GroupTableViewCell.swift */,
				82246FBC26D45F60001ACEA0 /* FriendsTableViewCell.swift */,
			);
			path = Cells;
			sourceTree = "<group>";
		};
		823BB77526B4C685009EDD8E /* FB */ = {
			isa = PBXGroup;
			children = (
				823BB77B26B4D448009EDD8E /* FriendsFB.swift */,
				823BB77D26B4D456009EDD8E /* GroupsFB.swift */,
				82040CF526B7394400AEBAE5 /* UserFB.swift */,
			);
			path = FB;
			sourceTree = "<group>";
		};
		823BB77826B4D15F009EDD8E /* Design */ = {
			isa = PBXGroup;
			children = (
				823BB77926B4D173009EDD8E /* Gradient.swift */,
			);
			path = Design;
			sourceTree = "<group>";
		};
		829A90FB269F5243000EC8CA /* API */ = {
			isa = PBXGroup;
			children = (
				1273D173269CB611003F2E68 /* UserAPI.swift */,
				829A90FC269F5594000EC8CA /* FriendsApi.swift */,
				829A90FE269F5C08000EC8CA /* GroupAPI.swift */,
			);
			path = API;
			sourceTree = "<group>";
		};
		829A9100269F5EC1000EC8CA /* Controllers */ = {
			isa = PBXGroup;
			children = (
				1273D15C26977D1C003F2E68 /* AuthViewController.swift */,
				828D504D26A648E900408176 /* FriendsTableViewController.swift */,
				828D504F26A6560B00408176 /* GroupsTableViewController.swift */,
				1273D16E269CB4C3003F2E68 /* UserViewController.swift */,
				82ED1E4D26A0D0E500E579E6 /* MenuViewController.swift */,
			);
			path = Controllers;
			sourceTree = "<group>";
		};
		82E4018526AB9ADA0079B3F7 /* DB */ = {
			isa = PBXGroup;
			children = (
				82E4018626AB9AF70079B3F7 /* ProfileDB.swift */,
				82E4018826AB9B350079B3F7 /* FriendsDB.swift */,
				82E4018B26AB9B960079B3F7 /* GroupsDB.swift */,
			);
			path = DB;
			sourceTree = "<group>";
		};
		82E9722D26A89F7A0009F024 /* News */ = {
			isa = PBXGroup;
			children = (
				82075B9D26D58CD5004710C7 /* Feed.swift */,
				82075B9F26D58CD5004710C7 /* FeedAPI.swift */,
				82075B9A26D58CD5004710C7 /* FeedItemFooter.swift */,
				82075B9E26D58CD5004710C7 /* FeedItemInfoTableViewCell.swift */,
				82075B9C26D58CD5004710C7 /* FeedItemPhotoTableViewCell.swift */,
				82075BA026D58CD6004710C7 /* FeedItemTextTableViewCell.swift */,
				82075B9B26D58CD5004710C7 /* FeedTableViewController.swift */,
			);
			path = News;
			sourceTree = "<group>";
		};
		82FBCD53269F60A100F61BF4 /* Session */ = {
			isa = PBXGroup;
			children = (
				1273D171269CB5E3003F2E68 /* Session.swift */,
			);
			path = Session;
			sourceTree = "<group>";
		};
/* End PBXGroup section */

/* Begin PBXNativeTarget section */
		1273D0FE269377CC003F2E68 /* client-server-1347 */ = {
			isa = PBXNativeTarget;
			buildConfigurationList = 1273D113269377CE003F2E68 /* Build configuration list for PBXNativeTarget "client-server-1347" */;
			buildPhases = (
				2A71127D7718CFA55E9B86A6 /* [CP] Check Pods Manifest.lock */,
				1273D0FB269377CC003F2E68 /* Sources */,
				1273D0FC269377CC003F2E68 /* Frameworks */,
				1273D0FD269377CC003F2E68 /* Resources */,
				78AB4C075EA4F282C59B9DCD /* [CP] Embed Pods Frameworks */,
			);
			buildRules = (
			);
			dependencies = (
			);
			name = "client-server-1347";
			packageProductDependencies = (
				822CAB0A26D4691700C30BB2 /* SwiftyJSON */,
			);
			productName = "client-server-1347";
			productReference = 1273D0FF269377CC003F2E68 /* client-server-1347.app */;
			productType = "com.apple.product-type.application";
		};
/* End PBXNativeTarget section */

/* Begin PBXProject section */
		1273D0F7269377CC003F2E68 /* Project object */ = {
			isa = PBXProject;
			attributes = {
				LastSwiftUpdateCheck = 1250;
				LastUpgradeCheck = 1250;
				TargetAttributes = {
					1273D0FE269377CC003F2E68 = {
						CreatedOnToolsVersion = 12.5;
					};
				};
			};
			buildConfigurationList = 1273D0FA269377CC003F2E68 /* Build configuration list for PBXProject "client-server-1347" */;
			compatibilityVersion = "Xcode 9.3";
			developmentRegion = en;
			hasScannedForEncodings = 0;
			knownRegions = (
				en,
				Base,
			);
			mainGroup = 1273D0F6269377CC003F2E68;
			packageReferences = (
				822CAB0926D4691700C30BB2 /* XCRemoteSwiftPackageReference "SwiftyJSON" */,
			);
			productRefGroup = 1273D100269377CC003F2E68 /* Products */;
			projectDirPath = "";
			projectRoot = "";
			targets = (
				1273D0FE269377CC003F2E68 /* client-server-1347 */,
			);
		};
/* End PBXProject section */

/* Begin PBXResourcesBuildPhase section */
		1273D0FD269377CC003F2E68 /* Resources */ = {
			isa = PBXResourcesBuildPhase;
			buildActionMask = 2147483647;
			files = (
				828BD71126C1CC1C00953CBD /* hz.gif in Resources */,
				1273D10F269377CE003F2E68 /* LaunchScreen.storyboard in Resources */,
				82B316C326B61C740039A274 /* GoogleService-Info.plist in Resources */,
				8258BB6B26C5DE5B0080AFF9 /* spring2.mp3 in Resources */,
				8258BB6926C5DC420080AFF9 /* spring.mp3 in Resources */,
				1273D10C269377CE003F2E68 /* Assets.xcassets in Resources */,
				8258BB6D26C5E1F10080AFF9 /* shrek.mp3 in Resources */,
				1273D10A269377CC003F2E68 /* Main.storyboard in Resources */,
			);
			runOnlyForDeploymentPostprocessing = 0;
		};
/* End PBXResourcesBuildPhase section */

/* Begin PBXShellScriptBuildPhase section */
		2A71127D7718CFA55E9B86A6 /* [CP] Check Pods Manifest.lock */ = {
			isa = PBXShellScriptBuildPhase;
			buildActionMask = 2147483647;
			files = (
			);
			inputFileListPaths = (
			);
			inputPaths = (
				"${PODS_PODFILE_DIR_PATH}/Podfile.lock",
				"${PODS_ROOT}/Manifest.lock",
			);
			name = "[CP] Check Pods Manifest.lock";
			outputFileListPaths = (
			);
			outputPaths = (
				"$(DERIVED_FILE_DIR)/Pods-client-server-1347-checkManifestLockResult.txt",
			);
			runOnlyForDeploymentPostprocessing = 0;
			shellPath = /bin/sh;
			shellScript = "diff \"${PODS_PODFILE_DIR_PATH}/Podfile.lock\" \"${PODS_ROOT}/Manifest.lock\" > /dev/null\nif [ $? != 0 ] ; then\n    # print error to STDERR\n    echo \"error: The sandbox is not in sync with the Podfile.lock. Run 'pod install' or update your CocoaPods installation.\" >&2\n    exit 1\nfi\n# This output is used by Xcode 'outputs' to avoid re-running this script phase.\necho \"SUCCESS\" > \"${SCRIPT_OUTPUT_FILE_0}\"\n";
			showEnvVarsInLog = 0;
		};
		78AB4C075EA4F282C59B9DCD /* [CP] Embed Pods Frameworks */ = {
			isa = PBXShellScriptBuildPhase;
			buildActionMask = 2147483647;
			files = (
			);
			inputFileListPaths = (
				"${PODS_ROOT}/Target Support Files/Pods-client-server-1347/Pods-client-server-1347-frameworks-${CONFIGURATION}-input-files.xcfilelist",
			);
			name = "[CP] Embed Pods Frameworks";
			outputFileListPaths = (
				"${PODS_ROOT}/Target Support Files/Pods-client-server-1347/Pods-client-server-1347-frameworks-${CONFIGURATION}-output-files.xcfilelist",
			);
			runOnlyForDeploymentPostprocessing = 0;
			shellPath = /bin/sh;
			shellScript = "\"${PODS_ROOT}/Target Support Files/Pods-client-server-1347/Pods-client-server-1347-frameworks.sh\"\n";
			showEnvVarsInLog = 0;
		};
/* End PBXShellScriptBuildPhase section */

/* Begin PBXSourcesBuildPhase section */
		1273D0FB269377CC003F2E68 /* Sources */ = {
			isa = PBXSourcesBuildPhase;
			buildActionMask = 2147483647;
			files = (
				1273D177269CB9C6003F2E68 /* Data+PrettyJSON.swift in Sources */,
				823BB77C26B4D448009EDD8E /* FriendsFB.swift in Sources */,
				82075BA626D58CD6004710C7 /* FeedAPI.swift in Sources */,
				1273D15D26977D1C003F2E68 /* AuthViewController.swift in Sources */,
				829A90FF269F5C08000EC8CA /* GroupAPI.swift in Sources */,
				1273D103269377CC003F2E68 /* AppDelegate.swift in Sources */,
				1273D16F269CB4C3003F2E68 /* UserViewController.swift in Sources */,
				1273D17A269CBD36003F2E68 /* User.swift in Sources */,
				82075BA226D58CD6004710C7 /* FeedTableViewController.swift in Sources */,
				82246FBB26D45F50001ACEA0 /* GroupTableViewCell.swift in Sources */,
				82E4018926AB9B350079B3F7 /* FriendsDB.swift in Sources */,
				82040CF626B7394400AEBAE5 /* UserFB.swift in Sources */,
				1273D174269CB611003F2E68 /* UserAPI.swift in Sources */,
				829A90FA269F50AD000EC8CA /* Group.swift in Sources */,
				82246FBD26D45F60001ACEA0 /* FriendsTableViewCell.swift in Sources */,
				82E4018C26AB9B960079B3F7 /* GroupsDB.swift in Sources */,
				82075BA526D58CD6004710C7 /* FeedItemInfoTableViewCell.swift in Sources */,
				828D505026A6560B00408176 /* GroupsTableViewController.swift in Sources */,
				1273D105269377CC003F2E68 /* SceneDelegate.swift in Sources */,
				829A90F8269F4FA5000EC8CA /* Friends.swift in Sources */,
				82075BA326D58CD6004710C7 /* FeedItemPhotoTableViewCell.swift in Sources */,
				823BB77E26B4D456009EDD8E /* GroupsFB.swift in Sources */,
				82E4018726AB9AF70079B3F7 /* ProfileDB.swift in Sources */,
				1273D172269CB5E3003F2E68 /* Session.swift in Sources */,
				828D504E26A648E900408176 /* FriendsTableViewController.swift in Sources */,
				82F4AFCF26B9C5F6007CBCCE /* Gif.swift in Sources */,
				82E57ACE26C02B4E00DA85A5 /* RoundedImageView.swift in Sources */,
				82075BA426D58CD6004710C7 /* Feed.swift in Sources */,
				82246FAC26D446CC001ACEA0 /* File.swift in Sources */,
				82075BA726D58CD6004710C7 /* FeedItemTextTableViewCell.swift in Sources */,
				823BB77A26B4D173009EDD8E /* Gradient.swift in Sources */,
				829A90FD269F5594000EC8CA /* FriendsApi.swift in Sources */,
				82246FB926D45F48001ACEA0 /* GroupTableViewCellNoDesc.swift in Sources */,
				82ED1E4E26A0D0E500E579E6 /* MenuViewController.swift in Sources */,
				82075BA126D58CD6004710C7 /* FeedItemFooter.swift in Sources */,
			);
			runOnlyForDeploymentPostprocessing = 0;
		};
/* End PBXSourcesBuildPhase section */

/* Begin PBXVariantGroup section */
		1273D108269377CC003F2E68 /* Main.storyboard */ = {
			isa = PBXVariantGroup;
			children = (
				1273D109269377CC003F2E68 /* Base */,
			);
			name = Main.storyboard;
			sourceTree = "<group>";
		};
		1273D10D269377CE003F2E68 /* LaunchScreen.storyboard */ = {
			isa = PBXVariantGroup;
			children = (
				1273D10E269377CE003F2E68 /* Base */,
			);
			name = LaunchScreen.storyboard;
			sourceTree = "<group>";
		};
/* End PBXVariantGroup section */

/* Begin XCBuildConfiguration section */
		1273D111269377CE003F2E68 /* Debug */ = {
			isa = XCBuildConfiguration;
			buildSettings = {
				ALWAYS_SEARCH_USER_PATHS = NO;
				CLANG_ANALYZER_NONNULL = YES;
				CLANG_ANALYZER_NUMBER_OBJECT_CONVERSION = YES_AGGRESSIVE;
				CLANG_CXX_LANGUAGE_STANDARD = "gnu++14";
				CLANG_CXX_LIBRARY = "libc++";
				CLANG_ENABLE_MODULES = YES;
				CLANG_ENABLE_OBJC_ARC = YES;
				CLANG_ENABLE_OBJC_WEAK = YES;
				CLANG_WARN_BLOCK_CAPTURE_AUTORELEASING = YES;
				CLANG_WARN_BOOL_CONVERSION = YES;
				CLANG_WARN_COMMA = YES;
				CLANG_WARN_CONSTANT_CONVERSION = YES;
				CLANG_WARN_DEPRECATED_OBJC_IMPLEMENTATIONS = YES;
				CLANG_WARN_DIRECT_OBJC_ISA_USAGE = YES_ERROR;
				CLANG_WARN_DOCUMENTATION_COMMENTS = YES;
				CLANG_WARN_EMPTY_BODY = YES;
				CLANG_WARN_ENUM_CONVERSION = YES;
				CLANG_WARN_INFINITE_RECURSION = YES;
				CLANG_WARN_INT_CONVERSION = YES;
				CLANG_WARN_NON_LITERAL_NULL_CONVERSION = YES;
				CLANG_WARN_OBJC_IMPLICIT_RETAIN_SELF = YES;
				CLANG_WARN_OBJC_LITERAL_CONVERSION = YES;
				CLANG_WARN_OBJC_ROOT_CLASS = YES_ERROR;
				CLANG_WARN_QUOTED_INCLUDE_IN_FRAMEWORK_HEADER = YES;
				CLANG_WARN_RANGE_LOOP_ANALYSIS = YES;
				CLANG_WARN_STRICT_PROTOTYPES = YES;
				CLANG_WARN_SUSPICIOUS_MOVE = YES;
				CLANG_WARN_UNGUARDED_AVAILABILITY = YES_AGGRESSIVE;
				CLANG_WARN_UNREACHABLE_CODE = YES;
				CLANG_WARN__DUPLICATE_METHOD_MATCH = YES;
				COPY_PHASE_STRIP = NO;
				DEBUG_INFORMATION_FORMAT = dwarf;
				ENABLE_STRICT_OBJC_MSGSEND = YES;
				ENABLE_TESTABILITY = YES;
				GCC_C_LANGUAGE_STANDARD = gnu11;
				GCC_DYNAMIC_NO_PIC = NO;
				GCC_NO_COMMON_BLOCKS = YES;
				GCC_OPTIMIZATION_LEVEL = 0;
				GCC_PREPROCESSOR_DEFINITIONS = (
					"DEBUG=1",
					"$(inherited)",
				);
				GCC_WARN_64_TO_32_BIT_CONVERSION = YES;
				GCC_WARN_ABOUT_RETURN_TYPE = YES_ERROR;
				GCC_WARN_UNDECLARED_SELECTOR = YES;
				GCC_WARN_UNINITIALIZED_AUTOS = YES_AGGRESSIVE;
				GCC_WARN_UNUSED_FUNCTION = YES;
				GCC_WARN_UNUSED_VARIABLE = YES;
				IPHONEOS_DEPLOYMENT_TARGET = 13.6;
				MTL_ENABLE_DEBUG_INFO = INCLUDE_SOURCE;
				MTL_FAST_MATH = YES;
				ONLY_ACTIVE_ARCH = YES;
				SDKROOT = iphoneos;
				SWIFT_ACTIVE_COMPILATION_CONDITIONS = DEBUG;
				SWIFT_OPTIMIZATION_LEVEL = "-Onone";
			};
			name = Debug;
		};
		1273D112269377CE003F2E68 /* Release */ = {
			isa = XCBuildConfiguration;
			buildSettings = {
				ALWAYS_SEARCH_USER_PATHS = NO;
				CLANG_ANALYZER_NONNULL = YES;
				CLANG_ANALYZER_NUMBER_OBJECT_CONVERSION = YES_AGGRESSIVE;
				CLANG_CXX_LANGUAGE_STANDARD = "gnu++14";
				CLANG_CXX_LIBRARY = "libc++";
				CLANG_ENABLE_MODULES = YES;
				CLANG_ENABLE_OBJC_ARC = YES;
				CLANG_ENABLE_OBJC_WEAK = YES;
				CLANG_WARN_BLOCK_CAPTURE_AUTORELEASING = YES;
				CLANG_WARN_BOOL_CONVERSION = YES;
				CLANG_WARN_COMMA = YES;
				CLANG_WARN_CONSTANT_CONVERSION = YES;
				CLANG_WARN_DEPRECATED_OBJC_IMPLEMENTATIONS = YES;
				CLANG_WARN_DIRECT_OBJC_ISA_USAGE = YES_ERROR;
				CLANG_WARN_DOCUMENTATION_COMMENTS = YES;
				CLANG_WARN_EMPTY_BODY = YES;
				CLANG_WARN_ENUM_CONVERSION = YES;
				CLANG_WARN_INFINITE_RECURSION = YES;
				CLANG_WARN_INT_CONVERSION = YES;
				CLANG_WARN_NON_LITERAL_NULL_CONVERSION = YES;
				CLANG_WARN_OBJC_IMPLICIT_RETAIN_SELF = YES;
				CLANG_WARN_OBJC_LITERAL_CONVERSION = YES;
				CLANG_WARN_OBJC_ROOT_CLASS = YES_ERROR;
				CLANG_WARN_QUOTED_INCLUDE_IN_FRAMEWORK_HEADER = YES;
				CLANG_WARN_RANGE_LOOP_ANALYSIS = YES;
				CLANG_WARN_STRICT_PROTOTYPES = YES;
				CLANG_WARN_SUSPICIOUS_MOVE = YES;
				CLANG_WARN_UNGUARDED_AVAILABILITY = YES_AGGRESSIVE;
				CLANG_WARN_UNREACHABLE_CODE = YES;
				CLANG_WARN__DUPLICATE_METHOD_MATCH = YES;
				COPY_PHASE_STRIP = NO;
				DEBUG_INFORMATION_FORMAT = "dwarf-with-dsym";
				ENABLE_NS_ASSERTIONS = NO;
				ENABLE_STRICT_OBJC_MSGSEND = YES;
				GCC_C_LANGUAGE_STANDARD = gnu11;
				GCC_NO_COMMON_BLOCKS = YES;
				GCC_WARN_64_TO_32_BIT_CONVERSION = YES;
				GCC_WARN_ABOUT_RETURN_TYPE = YES_ERROR;
				GCC_WARN_UNDECLARED_SELECTOR = YES;
				GCC_WARN_UNINITIALIZED_AUTOS = YES_AGGRESSIVE;
				GCC_WARN_UNUSED_FUNCTION = YES;
				GCC_WARN_UNUSED_VARIABLE = YES;
				IPHONEOS_DEPLOYMENT_TARGET = 13.6;
				MTL_ENABLE_DEBUG_INFO = NO;
				MTL_FAST_MATH = YES;
				SDKROOT = iphoneos;
				SWIFT_COMPILATION_MODE = wholemodule;
				SWIFT_OPTIMIZATION_LEVEL = "-O";
				VALIDATE_PRODUCT = YES;
			};
			name = Release;
		};
		1273D114269377CE003F2E68 /* Debug */ = {
			isa = XCBuildConfiguration;
			baseConfigurationReference = 955BEA970DE9C203FB9F929A /* Pods-client-server-1347.debug.xcconfig */;
			buildSettings = {
				ASSETCATALOG_COMPILER_APPICON_NAME = AppIcon;
				ASSETCATALOG_COMPILER_GLOBAL_ACCENT_COLOR_NAME = AccentColor;
				CODE_SIGN_IDENTITY = "Apple Development";
				CODE_SIGN_STYLE = Automatic;
				DEVELOPMENT_TEAM = 265GKHT32M;
				INFOPLIST_FILE = "client-server-1347/Resources/Info.plist";
				LD_RUNPATH_SEARCH_PATHS = (
					"$(inherited)",
					"@executable_path/Frameworks",
				);
				PRODUCT_BUNDLE_IDENTIFIER = "com.gb.client-server-1347-X";
				PRODUCT_NAME = "$(TARGET_NAME)";
				PROVISIONING_PROFILE_SPECIFIER = "";
				SWIFT_VERSION = 5.0;
				TARGETED_DEVICE_FAMILY = "1,2";
			};
			name = Debug;
		};
		1273D115269377CE003F2E68 /* Release */ = {
			isa = XCBuildConfiguration;
			baseConfigurationReference = A7E5B97E0CA544DBB179DA29 /* Pods-client-server-1347.release.xcconfig */;
			buildSettings = {
				ASSETCATALOG_COMPILER_APPICON_NAME = AppIcon;
				ASSETCATALOG_COMPILER_GLOBAL_ACCENT_COLOR_NAME = AccentColor;
				CODE_SIGN_STYLE = Automatic;
				DEVELOPMENT_TEAM = 265GKHT32M;
				INFOPLIST_FILE = "client-server-1347/Resources/Info.plist";
				LD_RUNPATH_SEARCH_PATHS = (
					"$(inherited)",
					"@executable_path/Frameworks",
				);
				PRODUCT_BUNDLE_IDENTIFIER = "com.gb.client-server-1347-X";
				PRODUCT_NAME = "$(TARGET_NAME)";
				SWIFT_VERSION = 5.0;
				TARGETED_DEVICE_FAMILY = "1,2";
			};
			name = Release;
		};
/* End XCBuildConfiguration section */

/* Begin XCConfigurationList section */
		1273D0FA269377CC003F2E68 /* Build configuration list for PBXProject "client-server-1347" */ = {
			isa = XCConfigurationList;
			buildConfigurations = (
				1273D111269377CE003F2E68 /* Debug */,
				1273D112269377CE003F2E68 /* Release */,
			);
			defaultConfigurationIsVisible = 0;
			defaultConfigurationName = Release;
		};
		1273D113269377CE003F2E68 /* Build configuration list for PBXNativeTarget "client-server-1347" */ = {
			isa = XCConfigurationList;
			buildConfigurations = (
				1273D114269377CE003F2E68 /* Debug */,
				1273D115269377CE003F2E68 /* Release */,
			);
			defaultConfigurationIsVisible = 0;
			defaultConfigurationName = Release;
		};
/* End XCConfigurationList section */

/* Begin XCRemoteSwiftPackageReference section */
		822CAB0926D4691700C30BB2 /* XCRemoteSwiftPackageReference "SwiftyJSON" */ = {
			isa = XCRemoteSwiftPackageReference;
			repositoryURL = "https://github.com/SwiftyJSON/SwiftyJSON.git";
			requirement = {
				kind = upToNextMajorVersion;
				minimumVersion = 5.0.1;
			};
		};
/* End XCRemoteSwiftPackageReference section */

/* Begin XCSwiftPackageProductDependency section */
		822CAB0A26D4691700C30BB2 /* SwiftyJSON */ = {
			isa = XCSwiftPackageProductDependency;
			package = 822CAB0926D4691700C30BB2 /* XCRemoteSwiftPackageReference "SwiftyJSON" */;
			productName = SwiftyJSON;
		};
/* End XCSwiftPackageProductDependency section */
	};
	rootObject = 1273D0F7269377CC003F2E68 /* Project object */;
}
